
Microsoft Visual Studio Solution File, Format Version 12.00
Project("{FAE04EC0-301F-11D3-BF4B-00C04F79EFBC}") = "SopProj", "SopProj\SopProj.csproj", "{1A831976-562B-4497-BD1E-95A703316CA1}"
EndProject
Global
	GlobalSection(SolutionConfigurationPlatforms) = preSolution
		Debug|Any CPU = Debug|Any CPU
		Release|Any CPU = Release|Any CPU
	EndGlobalSection
	GlobalSection(ProjectConfigurationPlatforms) = postSolution
		{1A831976-562B-4497-BD1E-95A703316CA1}.Debug|Any CPU.ActiveCfg = Debug|Any CPU
		{1A831976-562B-4497-BD1E-95A703316CA1}.Debug|Any CPU.Build.0 = Debug|Any CPU
		{1A831976-562B-4497-BD1E-95A703316CA1}.Release|Any CPU.ActiveCfg = Release|Any CPU
		{1A831976-562B-4497-BD1E-95A703316CA1}.Release|Any CPU.Build.0 = Release|Any CPU
	EndGlobalSection
EndGlobal
